<?xml version="1.0" encoding="utf-8"?>
<Project ToolsVersion="4.0" xmlns="http://schemas.microsoft.com/developer/msbuild/2003">
  <ItemGroup>
    <Filter Include="Source Files">
      <UniqueIdentifier>{4FC737F1-C7A5-4376-A066-2A32D752A2FF}</UniqueIdentifier>
      <Extensions>cpp;c;cc;cxx;def;odl;idl;hpj;bat;asm;asmx</Extensions>
    </Filter>
    <Filter Include="Resource Files">
      <UniqueIdentifier>{67DA6AB6-F800-4c08-8B7A-83BB121AAD01}</UniqueIdentifier>
      <Extensions>rc;ico;cur;bmp;dlg;rc2;rct;bin;rgs;gif;jpg;jpeg;jpe;resx;tiff;tif;png;wav;mfcribbon-ms</Extensions>
    </Filter>
    <Filter Include="Source Files\Application">
      <UniqueIdentifier>{188a199d-14a3-4ea8-a7bf-1f769e2dd2dd}</UniqueIdentifier>
    </Filter>
    <Filter Include="Source Files\Controller">
      <UniqueIdentifier>{4864a988-88e9-4533-aa83-ba06515b233b}</UniqueIdentifier>
    </Filter>
    <Filter Include="Source Files\Logic">
      <UniqueIdentifier>{4fc7b6ff-45eb-47c3-929b-049fba7cb137}</UniqueIdentifier>
    </Filter>
    <Filter Include="Source Files\Logic\Commands">
      <UniqueIdentifier>{bbae0ee7-494c-416b-b69c-5dbaca677dc9}</UniqueIdentifier>
    </Filter>
    <Filter Include="Source Files\View">
      <UniqueIdentifier>{9376b32c-a25a-4600-be42-1fd0d262603e}</UniqueIdentifier>
    </Filter>
    <Filter Include="Source Files\Application\Cache">
      <UniqueIdentifier>{f22829d8-1dd3-4b10-905b-28e09f7a01a0}</UniqueIdentifier>
    </Filter>
    <Filter Include="Source Files\Application\Cache\ResourceCache">
      <UniqueIdentifier>{19900b05-aa63-4c97-ba73-2b502220291e}</UniqueIdentifier>
    </Filter>
    <Filter Include="Source Files\Application\Cache\ZLib">
      <UniqueIdentifier>{9ba479cd-ead4-43eb-9abf-bcdb9be6bede}</UniqueIdentifier>
    </Filter>
    <Filter Include="Source Files\Application\Debug">
      <UniqueIdentifier>{21c34b79-ee8a-4c6e-a416-850e553cce48}</UniqueIdentifier>
    </Filter>
    <Filter Include="Source Files\Application\Loader">
      <UniqueIdentifier>{9fb92451-0881-4c2d-b328-972088312fa2}</UniqueIdentifier>
    </Filter>
    <Filter Include="Source Files\Application\Utilities">
      <UniqueIdentifier>{624cd7c5-9183-4048-b9f2-b5332232484d}</UniqueIdentifier>
    </Filter>
    <Filter Include="Source Files\Application\Utilities\ModelParser">
      <UniqueIdentifier>{bad3002b-67e2-4d53-8e88-bb20c172a0a5}</UniqueIdentifier>
    </Filter>
    <Filter Include="Source Files\Logic\Events">
      <UniqueIdentifier>{27e53e26-23e7-47fb-a5e6-122574295eff}</UniqueIdentifier>
    </Filter>
    <Filter Include="Source Files\Logic\UI">
      <UniqueIdentifier>{b131075e-d626-4334-9840-76ff58b7090e}</UniqueIdentifier>
    </Filter>
    <Filter Include="Source Files\Application\Shaders">
      <UniqueIdentifier>{a68eda73-3394-4a3e-b82f-52366726bbeb}</UniqueIdentifier>
    </Filter>
    <Filter Include="Source Files\Application\Camera">
      <UniqueIdentifier>{7a8538d9-5daf-425d-9314-c4f6dce28525}</UniqueIdentifier>
    </Filter>
    <Filter Include="Source Files\Application\Terrain">
      <UniqueIdentifier>{343539be-7531-4622-96f2-e7b034e73187}</UniqueIdentifier>
    </Filter>
  </ItemGroup>
  <ItemGroup>
    <Text Include="ReadMe.txt" />
  </ItemGroup>
  <ItemGroup>
    <ClCompile Include="GameAvatar.cpp">
      <Filter>Source Files</Filter>
    </ClCompile>
    <ClCompile Include="Application\CAnsiString.cpp">
      <Filter>Source Files\Application</Filter>
    </ClCompile>
    <ClCompile Include="Application\CThreadHolder.cpp">
      <Filter>Source Files\Application</Filter>
    </ClCompile>
    <ClCompile Include="Application\CWinMutex.cpp">
      <Filter>Source Files\Application</Filter>
    </ClCompile>
    <ClCompile Include="Application\CWinSocket.cpp">
      <Filter>Source Files\Application</Filter>
    </ClCompile>
    <ClCompile Include="Application\CWinThread.cpp">
      <Filter>Source Files\Application</Filter>
    </ClCompile>
    <ClCompile Include="Logic\CEngine.cpp">
      <Filter>Source Files\Logic</Filter>
    </ClCompile>
    <ClCompile Include="Logic\CGameCockpit.cpp">
      <Filter>Source Files\Logic</Filter>
    </ClCompile>
    <ClCompile Include="View\CViewElementSquare.cpp">
      <Filter>Source Files\View</Filter>
    </ClCompile>
    <ClCompile Include="View\CHumanView.cpp">
      <Filter>Source Files\View</Filter>
    </ClCompile>
    <ClCompile Include="Application\CTextManager.cpp">
      <Filter>Source Files\Application</Filter>
    </ClCompile>
    <ClCompile Include="Application\Cache\ResourceCache\CResHandle.cpp">
      <Filter>Source Files\Application\Cache\ResourceCache</Filter>
    </ClCompile>
    <ClCompile Include="Application\Cache\ResourceCache\ZipFile.cpp">
      <Filter>Source Files\Application\Cache\ResourceCache</Filter>
    </ClCompile>
    <ClCompile Include="Controller\CGameController.cpp">
      <Filter>Source Files\Controller</Filter>
    </ClCompile>
    <ClCompile Include="Application\Loader\CResourcesLoader.cpp">
      <Filter>Source Files\Application\Loader</Filter>
    </ClCompile>
    <ClCompile Include="Application\Loader\CProcessLoadTexture.cpp">
      <Filter>Source Files\Application\Loader</Filter>
    </ClCompile>
    <ClCompile Include="Application\Loader\CProcessLoadModel.cpp">
      <Filter>Source Files\Application\Loader</Filter>
    </ClCompile>
    <ClCompile Include="Application\CModelManager.cpp">
      <Filter>Source Files\Application</Filter>
    </ClCompile>
    <ClCompile Include="Application\Utilities\objParser\string_extra.cpp">
      <Filter>Source Files\Application\Utilities\ModelParser</Filter>
    </ClCompile>
    <ClCompile Include="Application\Utilities\objParser\list.cpp">
      <Filter>Source Files\Application\Utilities\ModelParser</Filter>
    </ClCompile>
    <ClCompile Include="Application\Utilities\objParser\obj_parser.cpp">
      <Filter>Source Files\Application\Utilities\ModelParser</Filter>
    </ClCompile>
    <ClCompile Include="Application\Utilities\objParser\objLoader.cpp">
      <Filter>Source Files\Application\Utilities\ModelParser</Filter>
    </ClCompile>
    <ClCompile Include="View\CViewElementModel.cpp">
      <Filter>Source Files\View</Filter>
    </ClCompile>
    <ClCompile Include="Logic\Events\CControllerUserInput.cpp">
      <Filter>Source Files\Logic\Events</Filter>
    </ClCompile>
    <ClCompile Include="Logic\Events\CEventManager.cpp">
      <Filter>Source Files\Logic\Events</Filter>
    </ClCompile>
    <ClCompile Include="Logic\Events\CEventMenu.cpp">
      <Filter>Source Files\Logic\Events</Filter>
    </ClCompile>
    <ClCompile Include="View\CViewLightAmbient.cpp">
      <Filter>Source Files\View</Filter>
    </ClCompile>
    <ClCompile Include="View\CViewLightSpecular.cpp">
      <Filter>Source Files\View</Filter>
    </ClCompile>
    <ClCompile Include="View\CViewLightDiffuse.cpp">
      <Filter>Source Files\View</Filter>
    </ClCompile>
    <ClCompile Include="View\CViewElementTerrainMesh.cpp">
      <Filter>Source Files\View</Filter>
    </ClCompile>
    <ClCompile Include="Application\Shaders\glsl.cpp">
      <Filter>Source Files\Application\Shaders</Filter>
    </ClCompile>
    <ClCompile Include="Application\CShaderManager.cpp">
      <Filter>Source Files\Application</Filter>
    </ClCompile>
    <ClCompile Include="Application\Loader\CProcessLoadShader.cpp">
      <Filter>Source Files\Application\Loader</Filter>
    </ClCompile>
    <ClCompile Include="Application\Camera\CCamera.cpp">
      <Filter>Source Files\Application\Camera</Filter>
    </ClCompile>
    <ClCompile Include="View\CViewElementHUD.cpp">
      <Filter>Source Files\View</Filter>
    </ClCompile>
    <ClCompile Include="Application\Utilities\CFonts.cpp">
      <Filter>Source Files\Application\Utilities</Filter>
    </ClCompile>
    <ClCompile Include="Application\Utilities\CCommonUtils.cpp">
      <Filter>Source Files\Application\Utilities</Filter>
    </ClCompile>
    <ClCompile Include="Application\Utilities\CTargaImage.cpp">
      <Filter>Source Files\Application\Utilities</Filter>
    </ClCompile>
    <ClCompile Include="Application\Utilities\Skybox.cpp">
      <Filter>Source Files\Application\Utilities</Filter>
    </ClCompile>
    <ClCompile Include="Application\Utilities\CDDSImage.cpp">
      <Filter>Source Files\Application\Utilities</Filter>
    </ClCompile>
    <ClCompile Include="Application\Terrain\CLandscape.cpp">
      <Filter>Source Files\Application\Terrain</Filter>
    </ClCompile>
    <ClCompile Include="Application\Terrain\CTerrainDatabaseLoader.cpp">
      <Filter>Source Files\Application\Terrain</Filter>
    </ClCompile>
    <ClCompile Include="Application\Utilities\CPngLoader.cpp">
      <Filter>Source Files\Application\Utilities</Filter>
    </ClCompile>
  </ItemGroup>
  <ItemGroup>
    <ClInclude Include="Application\CAnsiString.h">
      <Filter>Source Files\Application</Filter>
    </ClInclude>
    <ClInclude Include="Application\CCommonTypes.h">
      <Filter>Source Files\Application</Filter>
    </ClInclude>
    <ClInclude Include="Application\CThreadHolder.h">
      <Filter>Source Files\Application</Filter>
    </ClInclude>
    <ClInclude Include="Application\CWinMutex.h">
      <Filter>Source Files\Application</Filter>
    </ClInclude>
    <ClInclude Include="Application\CWinSocket.h">
      <Filter>Source Files\Application</Filter>
    </ClInclude>
    <ClInclude Include="Application\CWinThread.h">
      <Filter>Source Files\Application</Filter>
    </ClInclude>
    <ClInclude Include="Application\IMutex.h">
      <Filter>Source Files\Application</Filter>
    </ClInclude>
    <ClInclude Include="Application\ISocket.h">
      <Filter>Source Files\Application</Filter>
    </ClInclude>
    <ClInclude Include="Application\IThread.h">
      <Filter>Source Files\Application</Filter>
    </ClInclude>
    <ClInclude Include="Logic\CEngine.h">
      <Filter>Source Files\Logic</Filter>
    </ClInclude>
    <ClInclude Include="Logic\CGameCockpit.h">
      <Filter>Source Files\Logic</Filter>
    </ClInclude>
    <ClInclude Include="Logic\CPerson.h">
      <Filter>Source Files\Logic</Filter>
    </ClInclude>
    <ClInclude Include="View\CHumanView.h">
      <Filter>Source Files\View</Filter>
    </ClInclude>
    <ClInclude Include="View\IView.h">
      <Filter>Source Files\View</Filter>
    </ClInclude>
    <ClInclude Include="View\IViewElement.h">
      <Filter>Source Files\View</Filter>
    </ClInclude>
    <ClInclude Include="View\CViewElementSquare.h">
      <Filter>Source Files\View</Filter>
    </ClInclude>
    <ClInclude Include="Application\CTextManager.h">
      <Filter>Source Files\Application</Filter>
    </ClInclude>
    <ClInclude Include="Application\Cache\ResourceCache\CResHandle.h">
      <Filter>Source Files\Application\Cache\ResourceCache</Filter>
    </ClInclude>
    <ClInclude Include="Application\Cache\ResourceCache\IResourceFile.h">
      <Filter>Source Files\Application\Cache\ResourceCache</Filter>
    </ClInclude>
    <ClInclude Include="Application\Cache\ResourceCache\ZipFile.h">
      <Filter>Source Files\Application\Cache\ResourceCache</Filter>
    </ClInclude>
    <ClInclude Include="Controller\CGameController.h">
      <Filter>Source Files\Controller</Filter>
    </ClInclude>
    <ClInclude Include="Controller\IKeyboardHandler.h">
      <Filter>Source Files\Controller</Filter>
    </ClInclude>
    <ClInclude Include="Controller\IMouseHandler.h">
      <Filter>Source Files\Controller</Filter>
    </ClInclude>
    <ClInclude Include="resource.h" />
    <ClInclude Include="Application\Loader\CResourcesLoader.h">
      <Filter>Source Files\Application\Loader</Filter>
    </ClInclude>
    <ClInclude Include="Application\Loader\IProcess.h">
      <Filter>Source Files\Application\Loader</Filter>
    </ClInclude>
    <ClInclude Include="Application\Loader\CProcessLoadTexture.h">
      <Filter>Source Files\Application\Loader</Filter>
    </ClInclude>
    <ClInclude Include="Application\Loader\CProcessLoadModel.h">
      <Filter>Source Files\Application\Loader</Filter>
    </ClInclude>
    <ClInclude Include="Application\CModelManager.h">
      <Filter>Source Files\Application</Filter>
    </ClInclude>
    <ClInclude Include="Application\Utilities\CMathTypes.h">
      <Filter>Source Files\Application\Utilities</Filter>
    </ClInclude>
    <ClInclude Include="Application\Utilities\objParser\objLoader.h">
      <Filter>Source Files\Application\Utilities\ModelParser</Filter>
    </ClInclude>
    <ClInclude Include="Application\Utilities\objParser\string_extra.h">
      <Filter>Source Files\Application\Utilities\ModelParser</Filter>
    </ClInclude>
    <ClInclude Include="Application\Utilities\objParser\list.h">
      <Filter>Source Files\Application\Utilities\ModelParser</Filter>
    </ClInclude>
    <ClInclude Include="Application\Utilities\objParser\obj_parser.h">
      <Filter>Source Files\Application\Utilities\ModelParser</Filter>
    </ClInclude>
    <ClInclude Include="View\CViewElementModel.h">
      <Filter>Source Files\View</Filter>
    </ClInclude>
    <ClInclude Include="Logic\Events\CEventMenu.h">
      <Filter>Source Files\Logic\Events</Filter>
    </ClInclude>
    <ClInclude Include="Logic\Events\CControllerUserInput.h">
      <Filter>Source Files\Logic\Events</Filter>
    </ClInclude>
    <ClInclude Include="Logic\Events\CEventManager.h">
      <Filter>Source Files\Logic\Events</Filter>
    </ClInclude>
    <ClInclude Include="Logic\Events\IEvent.h">
      <Filter>Source Files\Logic\Events</Filter>
    </ClInclude>
    <ClInclude Include="Logic\UI\CBaseUI.h">
      <Filter>Source Files\Logic\UI</Filter>
    </ClInclude>
    <ClInclude Include="View\IViewLight.h">
      <Filter>Source Files\View</Filter>
    </ClInclude>
    <ClInclude Include="View\CViewLightAmbient.h">
      <Filter>Source Files\View</Filter>
    </ClInclude>
    <ClInclude Include="View\CViewLightSpecular.h">
      <Filter>Source Files\View</Filter>
    </ClInclude>
    <ClInclude Include="View\CViewLightDiffuse.h">
      <Filter>Source Files\View</Filter>
    </ClInclude>
    <ClInclude Include="View\CViewElementTerrainMesh.h">
      <Filter>Source Files\View</Filter>
    </ClInclude>
    <ClInclude Include="Application\Shaders\glsl.h">
      <Filter>Source Files\Application\Shaders</Filter>
    </ClInclude>
    <ClInclude Include="Application\CShaderManager.h">
      <Filter>Source Files\Application</Filter>
    </ClInclude>
    <ClInclude Include="Application\Loader\CProcessLoadShader.h">
      <Filter>Source Files\Application\Loader</Filter>
    </ClInclude>
    <ClInclude Include="Application\Camera\CCamera.h">
      <Filter>Source Files\Application\Camera</Filter>
    </ClInclude>
    <ClInclude Include="View\CViewElementHUD.h">
      <Filter>Source Files\View</Filter>
    </ClInclude>
    <ClInclude Include="View\IViewElement2D.h">
      <Filter>Source Files\View</Filter>
    </ClInclude>
    <ClInclude Include="Application\Utilities\CFonts.h">
      <Filter>Source Files\Application\Utilities</Filter>
    </ClInclude>
    <ClInclude Include="Application\Utilities\CCommonUtils.h">
      <Filter>Source Files\Application\Utilities</Filter>
    </ClInclude>
    <ClInclude Include="Application\Utilities\CTargaImage.h">
      <Filter>Source Files\Application\Utilities</Filter>
    </ClInclude>
    <ClInclude Include="Application\Utilities\Skybox.h">
      <Filter>Source Files\Application\Utilities</Filter>
    </ClInclude>
    <ClInclude Include="Application\Utilities\CDDSImage.h">
      <Filter>Source Files\Application\Utilities</Filter>
    </ClInclude>
    <ClInclude Include="Application\Utilities\CNoise.h">
      <Filter>Source Files\Application\Utilities</Filter>
    </ClInclude>
    <ClInclude Include="Application\Terrain\CLandscape.h">
      <Filter>Source Files\Application\Terrain</Filter>
    </ClInclude>
    <ClInclude Include="Application\Terrain\CTerrainDatabaseLoader.h">
      <Filter>Source Files\Application\Terrain</Filter>
    </ClInclude>
    <ClInclude Include="Application\Utilities\CPngLoader.h">
      <Filter>Source Files\Application\Utilities</Filter>
    </ClInclude>
  </ItemGroup>
  <ItemGroup>
    <None Include="packages.config" />
  </ItemGroup>
</Project>